
Microsoft Visual Studio Solution File, Format Version 12.00
# Visual Studio Version 17
VisualStudioVersion = 17.8.34330.188
MinimumVisualStudioVersion = 10.0.40219.1
Project("{FAE04EC0-301F-11D3-BF4B-00C04F79EFBC}") = "Hafta9-1", "Hafta9-1\Hafta9-1.csproj", "{F48A718D-4A36-44A3-8726-B930639CDBBA}"
EndProject
Global
	GlobalSection(SolutionConfigurationPlatforms) = preSolution
		Debug|Any CPU = Debug|Any CPU
		Release|Any CPU = Release|Any CPU
	EndGlobalSection
	GlobalSection(ProjectConfigurationPlatforms) = postSolution
		{F48A718D-4A36-44A3-8726-B930639CDBBA}.Debug|Any CPU.ActiveCfg = Debug|Any CPU
		{F48A718D-4A36-44A3-8726-B930639CDBBA}.Debug|Any CPU.Build.0 = Debug|Any CPU
		{F48A718D-4A36-44A3-8726-B930639CDBBA}.Release|Any CPU.ActiveCfg = Release|Any CPU
		{F48A718D-4A36-44A3-8726-B930639CDBBA}.Release|Any CPU.Build.0 = Release|Any CPU
	EndGlobalSection
	GlobalSection(SolutionProperties) = preSolution
		HideSolutionNode = FALSE
	EndGlobalSection
	GlobalSection(ExtensibilityGlobals) = postSolution
		SolutionGuid = {F47FEF12-CA9A-4624-87A9-60CB617EEEF4}
	EndGlobalSection
EndGlobal
